
Microsoft Visual Studio Solution File, Format Version 12.00
# Visual Studio Version 16
VisualStudioVersion = 16.0.32126.315
MinimumVisualStudioVersion = 10.0.40219.1
Project("{FAE04EC0-301F-11D3-BF4B-00C04F79EFBC}") = "App5.Android", "App5\App5.Android\App5.Android.csproj", "{3A2D93CC-8D2D-4B39-ACD7-1C69200A6F5A}"
EndProject
Project("{FAE04EC0-301F-11D3-BF4B-00C04F79EFBC}") = "App5", "App5\App5\App5.csproj", "{8A934E9E-915E-47E5-BE55-15AE54218995}"
EndProject
Global
	GlobalSection(SolutionConfigurationPlatforms) = preSolution
		Debug|Any CPU = Debug|Any CPU
		Release|Any CPU = Release|Any CPU
	EndGlobalSection
	GlobalSection(ProjectConfigurationPlatforms) = postSolution
		{3A2D93CC-8D2D-4B39-ACD7-1C69200A6F5A}.Debug|Any CPU.ActiveCfg = Debug|Any CPU
		{3A2D93CC-8D2D-4B39-ACD7-1C69200A6F5A}.Debug|Any CPU.Build.0 = Debug|Any CPU
		{3A2D93CC-8D2D-4B39-ACD7-1C69200A6F5A}.Debug|Any CPU.Deploy.0 = Debug|Any CPU
		{3A2D93CC-8D2D-4B39-ACD7-1C69200A6F5A}.Release|Any CPU.ActiveCfg = Release|Any CPU
		{3A2D93CC-8D2D-4B39-ACD7-1C69200A6F5A}.Release|Any CPU.Build.0 = Release|Any CPU
		{3A2D93CC-8D2D-4B39-ACD7-1C69200A6F5A}.Release|Any CPU.Deploy.0 = Release|Any CPU
		{8A934E9E-915E-47E5-BE55-15AE54218995}.Debug|Any CPU.ActiveCfg = Debug|Any CPU
		{8A934E9E-915E-47E5-BE55-15AE54218995}.Debug|Any CPU.Build.0 = Debug|Any CPU
		{8A934E9E-915E-47E5-BE55-15AE54218995}.Debug|Any CPU.Deploy.0 = Debug|Any CPU
		{8A934E9E-915E-47E5-BE55-15AE54218995}.Release|Any CPU.ActiveCfg = Release|Any CPU
		{8A934E9E-915E-47E5-BE55-15AE54218995}.Release|Any CPU.Build.0 = Release|Any CPU
		{8A934E9E-915E-47E5-BE55-15AE54218995}.Release|Any CPU.Deploy.0 = Release|Any CPU
	EndGlobalSection
	GlobalSection(SolutionProperties) = preSolution
		HideSolutionNode = FALSE
	EndGlobalSection
	GlobalSection(ExtensibilityGlobals) = postSolution
		SolutionGuid = {06E23FEB-164F-4EF2-8CAC-5675F1351DA9}
	EndGlobalSection
EndGlobal
